
Microsoft Visual Studio Solution File, Format Version 12.00
# Visual Studio Version 16
VisualStudioVersion = 16.0.29920.165
MinimumVisualStudioVersion = 10.0.40219.1
Project("{FAE04EC0-301F-11D3-BF4B-00C04F79EFBC}") = "CustomerPortal.WebApi", "CustomerPortal.WebApi\CustomerPortal.WebApi.csproj", "{E40A57B5-20C7-4759-AD7A-FFAC638EA2DB}"
EndProject
Global
	GlobalSection(SolutionConfigurationPlatforms) = preSolution
		Debug|Any CPU = Debug|Any CPU
		Release|Any CPU = Release|Any CPU
	EndGlobalSection
	GlobalSection(ProjectConfigurationPlatforms) = postSolution
		{E40A57B5-20C7-4759-AD7A-FFAC638EA2DB}.Debug|Any CPU.ActiveCfg = Debug|Any CPU
		{E40A57B5-20C7-4759-AD7A-FFAC638EA2DB}.Debug|Any CPU.Build.0 = Debug|Any CPU
		{E40A57B5-20C7-4759-AD7A-FFAC638EA2DB}.Release|Any CPU.ActiveCfg = Release|Any CPU
		{E40A57B5-20C7-4759-AD7A-FFAC638EA2DB}.Release|Any CPU.Build.0 = Release|Any CPU
	EndGlobalSection
	GlobalSection(SolutionProperties) = preSolution
		HideSolutionNode = FALSE
	EndGlobalSection
	GlobalSection(ExtensibilityGlobals) = postSolution
		SolutionGuid = {7685B1AD-E465-485C-A0A2-27877AB592F7}
	EndGlobalSection
EndGlobal
